
Microsoft Visual Studio Solution File, Format Version 12.00
# Visual Studio Version 17
VisualStudioVersion = 17.7.34024.191
MinimumVisualStudioVersion = 10.0.40219.1
Project("{FAE04EC0-301F-11D3-BF4B-00C04F79EFBC}") = "WebApplication5", "WebApplication5\WebApplication5.csproj", "{B8D16F40-8B09-4856-B11E-D4BDE0634766}"
EndProject
Global
	GlobalSection(SolutionConfigurationPlatforms) = preSolution
		Debug|Any CPU = Debug|Any CPU
		Release|Any CPU = Release|Any CPU
	EndGlobalSection
	GlobalSection(ProjectConfigurationPlatforms) = postSolution
		{B8D16F40-8B09-4856-B11E-D4BDE0634766}.Debug|Any CPU.ActiveCfg = Debug|Any CPU
		{B8D16F40-8B09-4856-B11E-D4BDE0634766}.Debug|Any CPU.Build.0 = Debug|Any CPU
		{B8D16F40-8B09-4856-B11E-D4BDE0634766}.Release|Any CPU.ActiveCfg = Release|Any CPU
		{B8D16F40-8B09-4856-B11E-D4BDE0634766}.Release|Any CPU.Build.0 = Release|Any CPU
	EndGlobalSection
	GlobalSection(SolutionProperties) = preSolution
		HideSolutionNode = FALSE
	EndGlobalSection
	GlobalSection(ExtensibilityGlobals) = postSolution
		SolutionGuid = {4A89FDD4-437F-4630-966A-150F443F8799}
	EndGlobalSection
EndGlobal
